
Microsoft Visual Studio Solution File, Format Version 12.00
# Visual Studio 15
Project("{FAE04EC0-301F-11D3-BF4B-00C04F79EFBC}") = "FMODUnity", "FMODUnity.csproj", "{C6C72341-76EA-EA92-C7FA-563AF1017707}"
EndProject
Project("{FAE04EC0-301F-11D3-BF4B-00C04F79EFBC}") = "Assembly-CSharp", "Assembly-CSharp.csproj", "{8F1E5576-0A86-57DD-B98D-A5BCA40CA864}"
EndProject
Project("{FAE04EC0-301F-11D3-BF4B-00C04F79EFBC}") = "FMODUnityEditor", "FMODUnityEditor.csproj", "{A958109E-68BB-C771-15E9-53C003AE27DE}"
EndProject
Project("{FAE04EC0-301F-11D3-BF4B-00C04F79EFBC}") = "DOTween.Modules", "DOTween.Modules.csproj", "{6D0D86BC-7035-E949-7E62-D16D1BC2007C}"
EndProject
Project("{FAE04EC0-301F-11D3-BF4B-00C04F79EFBC}") = "FMODUnityResonanceEditor", "FMODUnityResonanceEditor.csproj", "{6DC2DF27-A38C-ABDE-A275-EBC58D6F0392}"
EndProject
Project("{FAE04EC0-301F-11D3-BF4B-00C04F79EFBC}") = "FMODUnityResonance", "FMODUnityResonance.csproj", "{49E877F2-2CA8-1FC7-DDED-8F19699FBE12}"
EndProject
Global
	GlobalSection(SolutionConfigurationPlatforms) = preSolution
		Debug|Any CPU = Debug|Any CPU
		Release|Any CPU = Release|Any CPU
	EndGlobalSection
	GlobalSection(ProjectConfigurationPlatforms) = postSolution
		{C6C72341-76EA-EA92-C7FA-563AF1017707}.Debug|Any CPU.ActiveCfg = Debug|Any CPU
		{C6C72341-76EA-EA92-C7FA-563AF1017707}.Debug|Any CPU.Build.0 = Debug|Any CPU
		{C6C72341-76EA-EA92-C7FA-563AF1017707}.Release|Any CPU.ActiveCfg = Release|Any CPU
		{C6C72341-76EA-EA92-C7FA-563AF1017707}.Release|Any CPU.Build.0 = Release|Any CPU
		{8F1E5576-0A86-57DD-B98D-A5BCA40CA864}.Debug|Any CPU.ActiveCfg = Debug|Any CPU
		{8F1E5576-0A86-57DD-B98D-A5BCA40CA864}.Debug|Any CPU.Build.0 = Debug|Any CPU
		{8F1E5576-0A86-57DD-B98D-A5BCA40CA864}.Release|Any CPU.ActiveCfg = Release|Any CPU
		{8F1E5576-0A86-57DD-B98D-A5BCA40CA864}.Release|Any CPU.Build.0 = Release|Any CPU
		{A958109E-68BB-C771-15E9-53C003AE27DE}.Debug|Any CPU.ActiveCfg = Debug|Any CPU
		{A958109E-68BB-C771-15E9-53C003AE27DE}.Debug|Any CPU.Build.0 = Debug|Any CPU
		{A958109E-68BB-C771-15E9-53C003AE27DE}.Release|Any CPU.ActiveCfg = Release|Any CPU
		{A958109E-68BB-C771-15E9-53C003AE27DE}.Release|Any CPU.Build.0 = Release|Any CPU
		{6D0D86BC-7035-E949-7E62-D16D1BC2007C}.Debug|Any CPU.ActiveCfg = Debug|Any CPU
		{6D0D86BC-7035-E949-7E62-D16D1BC2007C}.Debug|Any CPU.Build.0 = Debug|Any CPU
		{6D0D86BC-7035-E949-7E62-D16D1BC2007C}.Release|Any CPU.ActiveCfg = Release|Any CPU
		{6D0D86BC-7035-E949-7E62-D16D1BC2007C}.Release|Any CPU.Build.0 = Release|Any CPU
		{6DC2DF27-A38C-ABDE-A275-EBC58D6F0392}.Debug|Any CPU.ActiveCfg = Debug|Any CPU
		{6DC2DF27-A38C-ABDE-A275-EBC58D6F0392}.Debug|Any CPU.Build.0 = Debug|Any CPU
		{6DC2DF27-A38C-ABDE-A275-EBC58D6F0392}.Release|Any CPU.ActiveCfg = Release|Any CPU
		{6DC2DF27-A38C-ABDE-A275-EBC58D6F0392}.Release|Any CPU.Build.0 = Release|Any CPU
		{49E877F2-2CA8-1FC7-DDED-8F19699FBE12}.Debug|Any CPU.ActiveCfg = Debug|Any CPU
		{49E877F2-2CA8-1FC7-DDED-8F19699FBE12}.Debug|Any CPU.Build.0 = Debug|Any CPU
		{49E877F2-2CA8-1FC7-DDED-8F19699FBE12}.Release|Any CPU.ActiveCfg = Release|Any CPU
		{49E877F2-2CA8-1FC7-DDED-8F19699FBE12}.Release|Any CPU.Build.0 = Release|Any CPU
	EndGlobalSection
	GlobalSection(SolutionProperties) = preSolution
		HideSolutionNode = FALSE
	EndGlobalSection
EndGlobal
